
Microsoft Visual Studio Solution File, Format Version 12.00
# Visual Studio Version 16
VisualStudioVersion = 16.0.29503.13
MinimumVisualStudioVersion = 10.0.40219.1
Project("{9A19103F-16F7-4668-BE54-9A1E7A4F7556}") = "DOS", "ConexaoBD\DOS.csproj", "{B0D0FC55-0EFF-43B8-93BE-BE1C19689DBC}"
EndProject
Project("{FAE04EC0-301F-11D3-BF4B-00C04F79EFBC}") = "BancoDados.Repositorio", "BancoDados.Repositorio\BancoDados.Repositorio.csproj", "{49981E60-52BC-4863-B193-4CDC03D4BE61}"
EndProject
Project("{FAE04EC0-301F-11D3-BF4B-00C04F79EFBC}") = "BancoDadosProjeto.Dominio", "BancoDadosProjeto.Dominio\BancoDadosProjeto.Dominio.csproj", "{C3044A6E-19BD-44FE-9FED-6D6D46AF0AB1}"
EndProject
Project("{FAE04EC0-301F-11D3-BF4B-00C04F79EFBC}") = "BancoDadosProjeto.Aplicacao", "BancoDadosProjeto.Aplicacao\BancoDadosProjeto.Aplicacao.csproj", "{31E93C02-91D0-409F-95A2-FE0F2F742F85}"
EndProject
Project("{FAE04EC0-301F-11D3-BF4B-00C04F79EFBC}") = "WEB", "WEB\WEB.csproj", "{2C8075D4-7C4F-483C-AFA6-30186CF00F9D}"
EndProject
Global
	GlobalSection(SolutionConfigurationPlatforms) = preSolution
		Debug|Any CPU = Debug|Any CPU
		Debug|ARM = Debug|ARM
		Debug|ARM64 = Debug|ARM64
		Debug|x64 = Debug|x64
		Debug|x86 = Debug|x86
		Release|Any CPU = Release|Any CPU
		Release|ARM = Release|ARM
		Release|ARM64 = Release|ARM64
		Release|x64 = Release|x64
		Release|x86 = Release|x86
	EndGlobalSection
	GlobalSection(ProjectConfigurationPlatforms) = postSolution
		{B0D0FC55-0EFF-43B8-93BE-BE1C19689DBC}.Debug|Any CPU.ActiveCfg = Debug|Any CPU
		{B0D0FC55-0EFF-43B8-93BE-BE1C19689DBC}.Debug|Any CPU.Build.0 = Debug|Any CPU
		{B0D0FC55-0EFF-43B8-93BE-BE1C19689DBC}.Debug|ARM.ActiveCfg = Debug|Any CPU
		{B0D0FC55-0EFF-43B8-93BE-BE1C19689DBC}.Debug|ARM.Build.0 = Debug|Any CPU
		{B0D0FC55-0EFF-43B8-93BE-BE1C19689DBC}.Debug|ARM64.ActiveCfg = Debug|Any CPU
		{B0D0FC55-0EFF-43B8-93BE-BE1C19689DBC}.Debug|ARM64.Build.0 = Debug|Any CPU
		{B0D0FC55-0EFF-43B8-93BE-BE1C19689DBC}.Debug|x64.ActiveCfg = Debug|Any CPU
		{B0D0FC55-0EFF-43B8-93BE-BE1C19689DBC}.Debug|x64.Build.0 = Debug|Any CPU
		{B0D0FC55-0EFF-43B8-93BE-BE1C19689DBC}.Debug|x86.ActiveCfg = Debug|Any CPU
		{B0D0FC55-0EFF-43B8-93BE-BE1C19689DBC}.Debug|x86.Build.0 = Debug|Any CPU
		{B0D0FC55-0EFF-43B8-93BE-BE1C19689DBC}.Release|Any CPU.ActiveCfg = Release|Any CPU
		{B0D0FC55-0EFF-43B8-93BE-BE1C19689DBC}.Release|Any CPU.Build.0 = Release|Any CPU
		{B0D0FC55-0EFF-43B8-93BE-BE1C19689DBC}.Release|ARM.ActiveCfg = Release|Any CPU
		{B0D0FC55-0EFF-43B8-93BE-BE1C19689DBC}.Release|ARM.Build.0 = Release|Any CPU
		{B0D0FC55-0EFF-43B8-93BE-BE1C19689DBC}.Release|ARM64.ActiveCfg = Release|Any CPU
		{B0D0FC55-0EFF-43B8-93BE-BE1C19689DBC}.Release|ARM64.Build.0 = Release|Any CPU
		{B0D0FC55-0EFF-43B8-93BE-BE1C19689DBC}.Release|x64.ActiveCfg = Release|Any CPU
		{B0D0FC55-0EFF-43B8-93BE-BE1C19689DBC}.Release|x64.Build.0 = Release|Any CPU
		{B0D0FC55-0EFF-43B8-93BE-BE1C19689DBC}.Release|x86.ActiveCfg = Release|Any CPU
		{B0D0FC55-0EFF-43B8-93BE-BE1C19689DBC}.Release|x86.Build.0 = Release|Any CPU
		{49981E60-52BC-4863-B193-4CDC03D4BE61}.Debug|Any CPU.ActiveCfg = Debug|Any CPU
		{49981E60-52BC-4863-B193-4CDC03D4BE61}.Debug|Any CPU.Build.0 = Debug|Any CPU
		{49981E60-52BC-4863-B193-4CDC03D4BE61}.Debug|ARM.ActiveCfg = Debug|Any CPU
		{49981E60-52BC-4863-B193-4CDC03D4BE61}.Debug|ARM.Build.0 = Debug|Any CPU
		{49981E60-52BC-4863-B193-4CDC03D4BE61}.Debug|ARM64.ActiveCfg = Debug|Any CPU
		{49981E60-52BC-4863-B193-4CDC03D4BE61}.Debug|ARM64.Build.0 = Debug|Any CPU
		{49981E60-52BC-4863-B193-4CDC03D4BE61}.Debug|x64.ActiveCfg = Debug|Any CPU
		{49981E60-52BC-4863-B193-4CDC03D4BE61}.Debug|x64.Build.0 = Debug|Any CPU
		{49981E60-52BC-4863-B193-4CDC03D4BE61}.Debug|x86.ActiveCfg = Debug|Any CPU
		{49981E60-52BC-4863-B193-4CDC03D4BE61}.Debug|x86.Build.0 = Debug|Any CPU
		{49981E60-52BC-4863-B193-4CDC03D4BE61}.Release|Any CPU.ActiveCfg = Release|Any CPU
		{49981E60-52BC-4863-B193-4CDC03D4BE61}.Release|Any CPU.Build.0 = Release|Any CPU
		{49981E60-52BC-4863-B193-4CDC03D4BE61}.Release|ARM.ActiveCfg = Release|Any CPU
		{49981E60-52BC-4863-B193-4CDC03D4BE61}.Release|ARM.Build.0 = Release|Any CPU
		{49981E60-52BC-4863-B193-4CDC03D4BE61}.Release|ARM64.ActiveCfg = Release|Any CPU
		{49981E60-52BC-4863-B193-4CDC03D4BE61}.Release|ARM64.Build.0 = Release|Any CPU
		{49981E60-52BC-4863-B193-4CDC03D4BE61}.Release|x64.ActiveCfg = Release|Any CPU
		{49981E60-52BC-4863-B193-4CDC03D4BE61}.Release|x64.Build.0 = Release|Any CPU
		{49981E60-52BC-4863-B193-4CDC03D4BE61}.Release|x86.ActiveCfg = Release|Any CPU
		{49981E60-52BC-4863-B193-4CDC03D4BE61}.Release|x86.Build.0 = Release|Any CPU
		{C3044A6E-19BD-44FE-9FED-6D6D46AF0AB1}.Debug|Any CPU.ActiveCfg = Debug|Any CPU
		{C3044A6E-19BD-44FE-9FED-6D6D46AF0AB1}.Debug|Any CPU.Build.0 = Debug|Any CPU
		{C3044A6E-19BD-44FE-9FED-6D6D46AF0AB1}.Debug|ARM.ActiveCfg = Debug|Any CPU
		{C3044A6E-19BD-44FE-9FED-6D6D46AF0AB1}.Debug|ARM.Build.0 = Debug|Any CPU
		{C3044A6E-19BD-44FE-9FED-6D6D46AF0AB1}.Debug|ARM64.ActiveCfg = Debug|Any CPU
		{C3044A6E-19BD-44FE-9FED-6D6D46AF0AB1}.Debug|ARM64.Build.0 = Debug|Any CPU
		{C3044A6E-19BD-44FE-9FED-6D6D46AF0AB1}.Debug|x64.ActiveCfg = Debug|Any CPU
		{C3044A6E-19BD-44FE-9FED-6D6D46AF0AB1}.Debug|x64.Build.0 = Debug|Any CPU
		{C3044A6E-19BD-44FE-9FED-6D6D46AF0AB1}.Debug|x86.ActiveCfg = Debug|Any CPU
		{C3044A6E-19BD-44FE-9FED-6D6D46AF0AB1}.Debug|x86.Build.0 = Debug|Any CPU
		{C3044A6E-19BD-44FE-9FED-6D6D46AF0AB1}.Release|Any CPU.ActiveCfg = Release|Any CPU
		{C3044A6E-19BD-44FE-9FED-6D6D46AF0AB1}.Release|Any CPU.Build.0 = Release|Any CPU
		{C3044A6E-19BD-44FE-9FED-6D6D46AF0AB1}.Release|ARM.ActiveCfg = Release|Any CPU
		{C3044A6E-19BD-44FE-9FED-6D6D46AF0AB1}.Release|ARM.Build.0 = Release|Any CPU
		{C3044A6E-19BD-44FE-9FED-6D6D46AF0AB1}.Release|ARM64.ActiveCfg = Release|Any CPU
		{C3044A6E-19BD-44FE-9FED-6D6D46AF0AB1}.Release|ARM64.Build.0 = Release|Any CPU
		{C3044A6E-19BD-44FE-9FED-6D6D46AF0AB1}.Release|x64.ActiveCfg = Release|Any CPU
		{C3044A6E-19BD-44FE-9FED-6D6D46AF0AB1}.Release|x64.Build.0 = Release|Any CPU
		{C3044A6E-19BD-44FE-9FED-6D6D46AF0AB1}.Release|x86.ActiveCfg = Release|Any CPU
		{C3044A6E-19BD-44FE-9FED-6D6D46AF0AB1}.Release|x86.Build.0 = Release|Any CPU
		{31E93C02-91D0-409F-95A2-FE0F2F742F85}.Debug|Any CPU.ActiveCfg = Debug|Any CPU
		{31E93C02-91D0-409F-95A2-FE0F2F742F85}.Debug|Any CPU.Build.0 = Debug|Any CPU
		{31E93C02-91D0-409F-95A2-FE0F2F742F85}.Debug|ARM.ActiveCfg = Debug|Any CPU
		{31E93C02-91D0-409F-95A2-FE0F2F742F85}.Debug|ARM.Build.0 = Debug|Any CPU
		{31E93C02-91D0-409F-95A2-FE0F2F742F85}.Debug|ARM64.ActiveCfg = Debug|Any CPU
		{31E93C02-91D0-409F-95A2-FE0F2F742F85}.Debug|ARM64.Build.0 = Debug|Any CPU
		{31E93C02-91D0-409F-95A2-FE0F2F742F85}.Debug|x64.ActiveCfg = Debug|Any CPU
		{31E93C02-91D0-409F-95A2-FE0F2F742F85}.Debug|x64.Build.0 = Debug|Any CPU
		{31E93C02-91D0-409F-95A2-FE0F2F742F85}.Debug|x86.ActiveCfg = Debug|Any CPU
		{31E93C02-91D0-409F-95A2-FE0F2F742F85}.Debug|x86.Build.0 = Debug|Any CPU
		{31E93C02-91D0-409F-95A2-FE0F2F742F85}.Release|Any CPU.ActiveCfg = Release|Any CPU
		{31E93C02-91D0-409F-95A2-FE0F2F742F85}.Release|Any CPU.Build.0 = Release|Any CPU
		{31E93C02-91D0-409F-95A2-FE0F2F742F85}.Release|ARM.ActiveCfg = Release|Any CPU
		{31E93C02-91D0-409F-95A2-FE0F2F742F85}.Release|ARM.Build.0 = Release|Any CPU
		{31E93C02-91D0-409F-95A2-FE0F2F742F85}.Release|ARM64.ActiveCfg = Release|Any CPU
		{31E93C02-91D0-409F-95A2-FE0F2F742F85}.Release|ARM64.Build.0 = Release|Any CPU
		{31E93C02-91D0-409F-95A2-FE0F2F742F85}.Release|x64.ActiveCfg = Release|Any CPU
		{31E93C02-91D0-409F-95A2-FE0F2F742F85}.Release|x64.Build.0 = Release|Any CPU
		{31E93C02-91D0-409F-95A2-FE0F2F742F85}.Release|x86.ActiveCfg = Release|Any CPU
		{31E93C02-91D0-409F-95A2-FE0F2F742F85}.Release|x86.Build.0 = Release|Any CPU
		{2C8075D4-7C4F-483C-AFA6-30186CF00F9D}.Debug|Any CPU.ActiveCfg = Debug|Any CPU
		{2C8075D4-7C4F-483C-AFA6-30186CF00F9D}.Debug|Any CPU.Build.0 = Debug|Any CPU
		{2C8075D4-7C4F-483C-AFA6-30186CF00F9D}.Debug|ARM.ActiveCfg = Debug|Any CPU
		{2C8075D4-7C4F-483C-AFA6-30186CF00F9D}.Debug|ARM.Build.0 = Debug|Any CPU
		{2C8075D4-7C4F-483C-AFA6-30186CF00F9D}.Debug|ARM64.ActiveCfg = Debug|Any CPU
		{2C8075D4-7C4F-483C-AFA6-30186CF00F9D}.Debug|ARM64.Build.0 = Debug|Any CPU
		{2C8075D4-7C4F-483C-AFA6-30186CF00F9D}.Debug|x64.ActiveCfg = Debug|Any CPU
		{2C8075D4-7C4F-483C-AFA6-30186CF00F9D}.Debug|x64.Build.0 = Debug|Any CPU
		{2C8075D4-7C4F-483C-AFA6-30186CF00F9D}.Debug|x86.ActiveCfg = Debug|Any CPU
		{2C8075D4-7C4F-483C-AFA6-30186CF00F9D}.Debug|x86.Build.0 = Debug|Any CPU
		{2C8075D4-7C4F-483C-AFA6-30186CF00F9D}.Release|Any CPU.ActiveCfg = Release|Any CPU
		{2C8075D4-7C4F-483C-AFA6-30186CF00F9D}.Release|Any CPU.Build.0 = Release|Any CPU
		{2C8075D4-7C4F-483C-AFA6-30186CF00F9D}.Release|ARM.ActiveCfg = Release|Any CPU
		{2C8075D4-7C4F-483C-AFA6-30186CF00F9D}.Release|ARM.Build.0 = Release|Any CPU
		{2C8075D4-7C4F-483C-AFA6-30186CF00F9D}.Release|ARM64.ActiveCfg = Release|Any CPU
		{2C8075D4-7C4F-483C-AFA6-30186CF00F9D}.Release|ARM64.Build.0 = Release|Any CPU
		{2C8075D4-7C4F-483C-AFA6-30186CF00F9D}.Release|x64.ActiveCfg = Release|Any CPU
		{2C8075D4-7C4F-483C-AFA6-30186CF00F9D}.Release|x64.Build.0 = Release|Any CPU
		{2C8075D4-7C4F-483C-AFA6-30186CF00F9D}.Release|x86.ActiveCfg = Release|Any CPU
		{2C8075D4-7C4F-483C-AFA6-30186CF00F9D}.Release|x86.Build.0 = Release|Any CPU
	EndGlobalSection
	GlobalSection(SolutionProperties) = preSolution
		HideSolutionNode = FALSE
	EndGlobalSection
	GlobalSection(ExtensibilityGlobals) = postSolution
		SolutionGuid = {E1B5DC78-C761-492D-8300-8DCF5935C5C1}
	EndGlobalSection
EndGlobal
